{
  "version": 1,
  "dependencies": {
    "net8.0": {
      "CliWrap": {
        "type": "Direct",
        "requested": "[3.10.1, )",
        "resolved": "3.10.1",
        "contentHash": "C+WzXwzpQsJVNqvuh19ZO/bw/vR43L+DC/CmvK+PATUBkail2AWYE6an17dOGgWaVGzF9sU28YwRwfNfkPrQdg=="
      },
      "Espresso3389.HttpStream": {
        "type": "Direct",
        "requested": "[2.0.76, )",
        "resolved": "2.0.76",
        "contentHash": "/ba8Z8IWWWIgiQnzraOM/wn9bNMnlawz1odJgxcC/l6BM13axLfKhbrA9eesXxTCHBxDKUTgw93T41J4nLCkPQ=="
      },
      "Microsoft.Bcl.Memory": {
        "type": "Direct",
        "requested": "[10.0.7, )",
        "resolved": "10.0.7",
        "contentHash": "+0MJLOVIO64hZuP8vwdIBbF8QmOw8ZK/1PXq6h+981OrRaWo6e8PmUajbEO7fuKfmaDxasxj0sQPZJI3Dewpig=="
      },
      "Microsoft.Build": {
        "type": "Direct",
        "requested": "[17.11.31, 17.12.6)",
        "resolved": "17.11.31",
        "contentHash": "fmiBmvRbROfWFurUsyPVcLEvarxjCed84e3GWG6p/K5Sqhko6iUQw7rtlKJlDTjR4rSOM7uu59GEAf+0nHlrIw==",
        "dependencies": {
          "Microsoft.Build.Framework": "17.11.31",
          "Microsoft.NET.StringTools": "17.11.31",
          "System.Collections.Immutable": "8.0.0",
          "System.Configuration.ConfigurationManager": "8.0.0",
          "System.Reflection.Metadata": "8.0.0",
          "System.Reflection.MetadataLoadContext": "8.0.0"
        }
      },
      "Microsoft.Build.Locator": {
        "type": "Direct",
        "requested": "[1.10.12, )",
        "resolved": "1.10.12",
        "contentHash": "L4yL8b1oYyoxmFWWpPHqIVb5uGJSDSCd/RQDV5SsJkBRB3fRxSfUl3KYjNQfMdf9RNvoqCDeXaGGISjaY6f8Pg=="
      },
      "MinVer": {
        "type": "Direct",
        "requested": "[7.0.0, )",
        "resolved": "7.0.0",
        "contentHash": "2lMTCQl5bGP4iv0JNkockPnyllC6eHLz+CoK2ICvalvHod+exXSxueu9hq+zNkU7bZBJf8wMfeRC/Edn8AGmEg=="
      },
      "NuGet.ProjectModel": {
        "type": "Direct",
        "requested": "[7.3.1, )",
        "resolved": "7.3.1",
        "contentHash": "trlYZ5QO+qU1dNs/FSwTqKlT40DuCDIXjRhV8t//vB/GGPsJJphLZJEMFy07necKwxd4rIWVMnc9Eik7Hl9KJw==",
        "dependencies": {
          "NuGet.DependencyResolver.Core": "7.3.1"
        }
      },
      "OneOf": {
        "type": "Direct",
        "requested": "[3.0.271, )",
        "resolved": "3.0.271",
        "contentHash": "pqpqeK8xQGggExhr4tesVgJkjdn+9HQAO0QgrYV2hFjE3y90okzk1kQMntMiUOGfV7FrCUfKPaVvPBD4IANqKg=="
      },
      "OneOf.SourceGenerator": {
        "type": "Direct",
        "requested": "[3.0.271, )",
        "resolved": "3.0.271",
        "contentHash": "I7e5kx5prSV99g+rM/xO5KMhwBQL/b+NlUY76RhbutXJ0tgiuMoqgOFnlTHOxCLrlKmwaMzp3VI8oz05PSlcIA=="
      },
      "Spectre.Console.Analyzer": {
        "type": "Direct",
        "requested": "[1.0.0, )",
        "resolved": "1.0.0",
        "contentHash": "TojbwWASRf3PMUsotXa8MQ9SNwEwWZZ5bAYf1eLv+jiDsxaD/n7TKTi3da6z4+m8uZHri2i+BVRuLj5w+6j64Q=="
      },
      "Spectre.Console.Cli": {
        "type": "Direct",
        "requested": "[0.55.1-alpha.0.7, )",
        "resolved": "0.55.1-alpha.0.7",
        "contentHash": "t+cNOiJl85oWM/3frWyR7l2GVwRlYTglV7+QlO3GKzF7zERFeVDx+j+0gAEV9fJ1u2t2UA+hX9nG79qIuJaQ8A==",
        "dependencies": {
          "Spectre.Console": "0.55.2"
        }
      },
      "Microsoft.Build.Framework": {
        "type": "Transitive",
        "resolved": "17.11.31",
        "contentHash": "9bGe48OGm0EO69HHpex0shnNLH7ZEB4Nwj7mofeLUoQcl9NeuIJe9F9dawKJF3E0bf5qPTwH/v3eyCXgMD4HuA=="
      },
      "Microsoft.NET.StringTools": {
        "type": "Transitive",
        "resolved": "17.11.31",
        "contentHash": "eYFod+GPNjpcjviyz2xjNIkNuj4aowrucHGQZxs9xWfJmbv8evo/Nud56Kb38x2prbKnCEfZhbhIBc2e/qlZAA=="
      },
      "Newtonsoft.Json": {
        "type": "Transitive",
        "resolved": "13.0.3",
        "contentHash": "HrC5BXdl00IP9zeV+0Z848QWPAoCr9P3bDEZguI+gkLcBKAOxix/tLEAAHC+UvDNPv4a2d18lOReHMOagPa+zQ=="
      },
      "NuGet.Common": {
        "type": "Transitive",
        "resolved": "7.3.1",
        "contentHash": "1mp7zmyAGmQfT93ELC4c+MYOrJ8Ff4ekFZRek4JSVLb/wOO/o0bsPfLmqujCsJ2Hlwc+fpq1TQEnjSEgWdt8ng==",
        "dependencies": {
          "NuGet.Frameworks": "7.3.1"
        }
      },
      "NuGet.Configuration": {
        "type": "Transitive",
        "resolved": "7.3.1",
        "contentHash": "tGxWBo47EQONOaqY+MbEWMrNjFthHgfavLM1HE0RcLyOXVCoQKBlZGV7v0hrS/rJrQKw6ZaBeHetX+ZJgS7Lxg==",
        "dependencies": {
          "NuGet.Common": "7.3.1",
          "System.Security.Cryptography.ProtectedData": "8.0.0"
        }
      },
      "NuGet.DependencyResolver.Core": {
        "type": "Transitive",
        "resolved": "7.3.1",
        "contentHash": "uGvdZ5cAW3gInhg135oLPxWjJQdoIrF9CrFY05IB2n/O71hZuMtxVAN7ikDR2PK/h1jBsixF7iQpXxB4USfqKA==",
        "dependencies": {
          "NuGet.Configuration": "7.3.1",
          "NuGet.LibraryModel": "7.3.1",
          "NuGet.Protocol": "7.3.1"
        }
      },
      "NuGet.Frameworks": {
        "type": "Transitive",
        "resolved": "7.3.1",
        "contentHash": "VUPAE5l/Ir4Gb3dv+v0jq0Qe4nfwxfrfiYN7QhwlGyWPXFKYXSSke1t1bV/ZYd6idtTtRDqJPM49Lt/U8NTocg=="
      },
      "NuGet.LibraryModel": {
        "type": "Transitive",
        "resolved": "7.3.1",
        "contentHash": "LdE3to4vkvOFAYtR0b0CeN/kUaeQ9089lrNvhkNdNqykH32UEWTGF62+QPzUm4+VnCtTQfH/Omey8oPqr0nTPg==",
        "dependencies": {
          "NuGet.Common": "7.3.1",
          "NuGet.Versioning": "7.3.1"
        }
      },
      "NuGet.Packaging": {
        "type": "Transitive",
        "resolved": "7.3.1",
        "contentHash": "5bT8uOrNBx4Srhbrd3HonYmyKhWJkvQyTWTYE2jvfPgYx2aCbPmq8MCYko7ce78hEN9mpq2xlrztVhguYPc+GQ==",
        "dependencies": {
          "Newtonsoft.Json": "13.0.3",
          "NuGet.Configuration": "7.3.1",
          "NuGet.Versioning": "7.3.1",
          "System.Security.Cryptography.Pkcs": "8.0.1"
        }
      },
      "NuGet.Protocol": {
        "type": "Transitive",
        "resolved": "7.3.1",
        "contentHash": "vYd5vtCJ/tpMQjbAs6rrftNgeh5Ip1w7tnEsDZCpGObKgUgOxHQBekCul3TnzmbNgobvJEkDJNaec5/ZBv66Hg==",
        "dependencies": {
          "NuGet.Packaging": "7.3.1"
        }
      },
      "NuGet.Versioning": {
        "type": "Transitive",
        "resolved": "7.3.1",
        "contentHash": "TJrQWSmD1vakfav7qIhDXgDFfaZFfMJ+v6P8tcND9ZqXajD5B/ZzaoGYNzL4D3eDue6vAOUvwzu42G+19JNVUA=="
      },
      "Spectre.Console": {
        "type": "Transitive",
        "resolved": "0.55.2",
        "contentHash": "yc0g12YJpmZHofGJLTQX02/uqfzJ6XHRx6pe9rANNjleQptXMHPxD9KI2/DWkXiJWddc+4oizEdGox15c89hhw==",
        "dependencies": {
          "Spectre.Console.Ansi": "0.55.2"
        }
      },
      "Spectre.Console.Ansi": {
        "type": "Transitive",
        "resolved": "0.55.2",
        "contentHash": "tN3KEJQQZwLW9HJnG5YTSAxfBwxsmg1wVuGvhGG2rM+pbl+NGaHU8pDcNofPlOXlgpkbpBMxI5t9o9qPfy3sHQ=="
      },
      "System.Collections.Immutable": {
        "type": "Transitive",
        "resolved": "8.0.0",
        "contentHash": "AurL6Y5BA1WotzlEvVaIDpqzpIPvYnnldxru8oXJU2yFxFUy3+pNXjXd1ymO+RA0rq0+590Q8gaz2l3Sr7fmqg=="
      },
      "System.Configuration.ConfigurationManager": {
        "type": "Transitive",
        "resolved": "8.0.0",
        "contentHash": "JlYi9XVvIREURRUlGMr1F6vOFLk7YSY4p1vHo4kX3tQ0AGrjqlRWHDi66ImHhy6qwXBG3BJ6Y1QlYQ+Qz6Xgww==",
        "dependencies": {
          "System.Diagnostics.EventLog": "8.0.0",
          "System.Security.Cryptography.ProtectedData": "8.0.0"
        }
      },
      "System.Diagnostics.EventLog": {
        "type": "Transitive",
        "resolved": "8.0.0",
        "contentHash": "fdYxcRjQqTTacKId/2IECojlDSFvp7LP5N78+0z/xH7v/Tuw5ZAxu23Y6PTCRinqyu2ePx+Gn1098NC6jM6d+A=="
      },
      "System.Reflection.Metadata": {
        "type": "Transitive",
        "resolved": "8.0.0",
        "contentHash": "ptvgrFh7PvWI8bcVqG5rsA/weWM09EnthFHR5SCnS6IN+P4mj6rE1lBDC4U8HL9/57htKAqy4KQ3bBj84cfYyQ==",
        "dependencies": {
          "System.Collections.Immutable": "8.0.0"
        }
      },
      "System.Reflection.MetadataLoadContext": {
        "type": "Transitive",
        "resolved": "8.0.0",
        "contentHash": "SZxrQ4sQYnIcdwiO3G/lHZopbPYQ2lW0ioT4JezgccWUrKaKbHLJbAGZaDfkYjWcta1pWssAo3MOXLsR0ie4tQ==",
        "dependencies": {
          "System.Collections.Immutable": "8.0.0",
          "System.Reflection.Metadata": "8.0.0"
        }
      },
      "System.Security.Cryptography.Pkcs": {
        "type": "Transitive",
        "resolved": "8.0.1",
        "contentHash": "CoCRHFym33aUSf/NtWSVSZa99dkd0Hm7OCZUxORBjRB16LNhIEOf8THPqzIYlvKM0nNDAPTRBa1FxEECrgaxxA=="
      },
      "System.Security.Cryptography.ProtectedData": {
        "type": "Transitive",
        "resolved": "8.0.0",
        "contentHash": "+TUFINV2q2ifyXauQXRwy4CiBhqvDEDZeVJU7qfxya4aRYOKzVBpN+4acx25VcPB9ywUN6C0n8drWl110PhZEg=="
      }
    }
  }
}