{
  "version": 1,
  "dependencies": {
    "net8.0": {
      "CliWrap": {
        "type": "Direct",
        "requested": "[3.10.5, )",
        "resolved": "3.10.5",
        "contentHash": "L5SghZThsAVhV8ucwwW5FLMzKj1Ps57JB8DM2bEjpBNTyGi1EDjDO7Mi39Yx1FoXM2fZ1l9j39xqlPsZI1QCJQ=="
      },
      "Espresso3389.HttpStream": {
        "type": "Direct",
        "requested": "[2.0.76, )",
        "resolved": "2.0.76",
        "contentHash": "/ba8Z8IWWWIgiQnzraOM/wn9bNMnlawz1odJgxcC/l6BM13axLfKhbrA9eesXxTCHBxDKUTgw93T41J4nLCkPQ=="
      },
      "Microsoft.Bcl.Memory": {
        "type": "Direct",
        "requested": "[10.0.11, )",
        "resolved": "10.0.11",
        "contentHash": "gOK5j94niQhCvUXA5sXn/h4khL0ZHPlKZx//SJ9pwuydpWSDIPBpduLWty5MYMEJkWs/ewYbG1LAqfPLOprDgg=="
      },
      "Microsoft.Build": {
        "type": "Direct",
        "requested": "[17.11.31, 17.12.6)",
        "resolved": "17.11.31",
        "contentHash": "fmiBmvRbROfWFurUsyPVcLEvarxjCed84e3GWG6p/K5Sqhko6iUQw7rtlKJlDTjR4rSOM7uu59GEAf+0nHlrIw==",
        "dependencies": {
          "Microsoft.Build.Framework": "17.11.31",
          "Microsoft.NET.StringTools": "17.11.31",
          "System.Collections.Immutable": "8.0.0",
          "System.Configuration.ConfigurationManager": "8.0.0",
          "System.Reflection.Metadata": "8.0.0",
          "System.Reflection.MetadataLoadContext": "8.0.0"
        }
      },
      "Microsoft.Build.Locator": {
        "type": "Direct",
        "requested": "[1.11.2, )",
        "resolved": "1.11.2",
        "contentHash": "tY+/S54G29CGsbL3slVu4vqtpciwVnb3fKOmrhgzEQmu/VziFaWmD/E1e/2KH7cDucuycGSkWsSXndBs5Uawow=="
      },
      "MinVer": {
        "type": "Direct",
        "requested": "[7.0.0, )",
        "resolved": "7.0.0",
        "contentHash": "2lMTCQl5bGP4iv0JNkockPnyllC6eHLz+CoK2ICvalvHod+exXSxueu9hq+zNkU7bZBJf8wMfeRC/Edn8AGmEg=="
      },
      "NuGet.ProjectModel": {
        "type": "Direct",
        "requested": "[7.9.0, )",
        "resolved": "7.9.0",
        "contentHash": "RIDWJdbA/1P+IA+QjjhG7RTAN1eEmJJFKtXMRz5dNoHX7EmIdpUURdiygmgykHHuhXX4aPAMZ49OONT3SITtOQ==",
        "dependencies": {
          "NuGet.DependencyResolver.Core": "7.9.0"
        }
      },
      "OneOf": {
        "type": "Direct",
        "requested": "[3.0.271, )",
        "resolved": "3.0.271",
        "contentHash": "pqpqeK8xQGggExhr4tesVgJkjdn+9HQAO0QgrYV2hFjE3y90okzk1kQMntMiUOGfV7FrCUfKPaVvPBD4IANqKg=="
      },
      "OneOf.SourceGenerator": {
        "type": "Direct",
        "requested": "[3.0.271, )",
        "resolved": "3.0.271",
        "contentHash": "I7e5kx5prSV99g+rM/xO5KMhwBQL/b+NlUY76RhbutXJ0tgiuMoqgOFnlTHOxCLrlKmwaMzp3VI8oz05PSlcIA=="
      },
      "Spectre.Console.Analyzer": {
        "type": "Direct",
        "requested": "[1.0.0, )",
        "resolved": "1.0.0",
        "contentHash": "TojbwWASRf3PMUsotXa8MQ9SNwEwWZZ5bAYf1eLv+jiDsxaD/n7TKTi3da6z4+m8uZHri2i+BVRuLj5w+6j64Q=="
      },
      "Spectre.Console.Cli": {
        "type": "Direct",
        "requested": "[0.55.1-alpha.0.7, )",
        "resolved": "0.55.1-alpha.0.7",
        "contentHash": "t+cNOiJl85oWM/3frWyR7l2GVwRlYTglV7+QlO3GKzF7zERFeVDx+j+0gAEV9fJ1u2t2UA+hX9nG79qIuJaQ8A==",
        "dependencies": {
          "Spectre.Console": "0.55.2"
        }
      },
      "Microsoft.Build.Framework": {
        "type": "Transitive",
        "resolved": "17.11.31",
        "contentHash": "9bGe48OGm0EO69HHpex0shnNLH7ZEB4Nwj7mofeLUoQcl9NeuIJe9F9dawKJF3E0bf5qPTwH/v3eyCXgMD4HuA=="
      },
      "Microsoft.NET.StringTools": {
        "type": "Transitive",
        "resolved": "17.11.31",
        "contentHash": "eYFod+GPNjpcjviyz2xjNIkNuj4aowrucHGQZxs9xWfJmbv8evo/Nud56Kb38x2prbKnCEfZhbhIBc2e/qlZAA=="
      },
      "Newtonsoft.Json": {
        "type": "Transitive",
        "resolved": "13.0.3",
        "contentHash": "HrC5BXdl00IP9zeV+0Z848QWPAoCr9P3bDEZguI+gkLcBKAOxix/tLEAAHC+UvDNPv4a2d18lOReHMOagPa+zQ=="
      },
      "NuGet.Common": {
        "type": "Transitive",
        "resolved": "7.9.0",
        "contentHash": "OWFEzHpwvgzSaHYmWzfbyTm6oBOy/BFSFEDk73zM9jiJaxdopYZ/DrqIQogaM3F+ZGTppBJffmzu5adetEI/YA==",
        "dependencies": {
          "NuGet.Frameworks": "7.9.0"
        }
      },
      "NuGet.Configuration": {
        "type": "Transitive",
        "resolved": "7.9.0",
        "contentHash": "oY9XZp+TWjOmiGmU4R4JWBRY3F4TAVo7tqPr/z7MOsFcEpdYHMryjNSscoLBxUTR3WmFmYgO0Gvu4eRbz6pzOg==",
        "dependencies": {
          "NuGet.Common": "7.9.0",
          "System.Security.Cryptography.ProtectedData": "8.0.0"
        }
      },
      "NuGet.DependencyResolver.Core": {
        "type": "Transitive",
        "resolved": "7.9.0",
        "contentHash": "0OVtQufJaPMJGdGpjuPmsDwvYX1SdE1L0XDCGfSnIPDj/tyUKILAuVrjHINPFl7smrsdtmoIlIJkEEDYpd1LMQ==",
        "dependencies": {
          "NuGet.Configuration": "7.9.0",
          "NuGet.LibraryModel": "7.9.0",
          "NuGet.Protocol": "7.9.0"
        }
      },
      "NuGet.Frameworks": {
        "type": "Transitive",
        "resolved": "7.9.0",
        "contentHash": "w2adPmgUafmW9ON1MzDjuHmViN0vtiPV48Dz3OE6px8BiGSqrnWHOjwFEPOEPAZx20J1c7bxp90Hxo9l4xGWtw=="
      },
      "NuGet.LibraryModel": {
        "type": "Transitive",
        "resolved": "7.9.0",
        "contentHash": "96/6qeHY4CfOpMyk6XyOBbNF1QD50iFNFs2rs0ppBG3EYF5FyWZHvRHZoq3COXM2zlKmqrGt0EBCUkgdXvyGfw==",
        "dependencies": {
          "NuGet.Common": "7.9.0",
          "NuGet.Versioning": "7.9.0"
        }
      },
      "NuGet.Packaging": {
        "type": "Transitive",
        "resolved": "7.9.0",
        "contentHash": "Q2jxuud5kJLV0rUzsC02iC5ts8QsQu9UVyMvF8lULY3TwHL/W/PrnQ9bQFvMR7jJkzF1uilRPI1o+7VOtc2XMg==",
        "dependencies": {
          "Newtonsoft.Json": "13.0.3",
          "NuGet.Configuration": "7.9.0",
          "NuGet.Versioning": "7.9.0",
          "System.Security.Cryptography.Pkcs": "8.0.1"
        }
      },
      "NuGet.Protocol": {
        "type": "Transitive",
        "resolved": "7.9.0",
        "contentHash": "Ts0qPUGJYfFHhlNSSWWrkaSG6++WqS6ry32WmQA7eNdzTc9SumyhDflITcusBYkT6pEQD5BI1UEByakciV3s0A==",
        "dependencies": {
          "NuGet.Packaging": "7.9.0"
        }
      },
      "NuGet.Versioning": {
        "type": "Transitive",
        "resolved": "7.9.0",
        "contentHash": "r4sZuVpVqwSBLe4qYDrnpScqdyctlRXg0HSF5OoCGkeBc8b+o8BBYHuI/u1RoWYX78PbieijU13TBt71/Xf3lw=="
      },
      "Spectre.Console": {
        "type": "Transitive",
        "resolved": "0.55.2",
        "contentHash": "yc0g12YJpmZHofGJLTQX02/uqfzJ6XHRx6pe9rANNjleQptXMHPxD9KI2/DWkXiJWddc+4oizEdGox15c89hhw==",
        "dependencies": {
          "Spectre.Console.Ansi": "0.55.2"
        }
      },
      "Spectre.Console.Ansi": {
        "type": "Transitive",
        "resolved": "0.55.2",
        "contentHash": "tN3KEJQQZwLW9HJnG5YTSAxfBwxsmg1wVuGvhGG2rM+pbl+NGaHU8pDcNofPlOXlgpkbpBMxI5t9o9qPfy3sHQ=="
      },
      "System.Collections.Immutable": {
        "type": "Transitive",
        "resolved": "8.0.0",
        "contentHash": "AurL6Y5BA1WotzlEvVaIDpqzpIPvYnnldxru8oXJU2yFxFUy3+pNXjXd1ymO+RA0rq0+590Q8gaz2l3Sr7fmqg=="
      },
      "System.Configuration.ConfigurationManager": {
        "type": "Transitive",
        "resolved": "8.0.0",
        "contentHash": "JlYi9XVvIREURRUlGMr1F6vOFLk7YSY4p1vHo4kX3tQ0AGrjqlRWHDi66ImHhy6qwXBG3BJ6Y1QlYQ+Qz6Xgww==",
        "dependencies": {
          "System.Diagnostics.EventLog": "8.0.0",
          "System.Security.Cryptography.ProtectedData": "8.0.0"
        }
      },
      "System.Diagnostics.EventLog": {
        "type": "Transitive",
        "resolved": "8.0.0",
        "contentHash": "fdYxcRjQqTTacKId/2IECojlDSFvp7LP5N78+0z/xH7v/Tuw5ZAxu23Y6PTCRinqyu2ePx+Gn1098NC6jM6d+A=="
      },
      "System.Reflection.Metadata": {
        "type": "Transitive",
        "resolved": "8.0.0",
        "contentHash": "ptvgrFh7PvWI8bcVqG5rsA/weWM09EnthFHR5SCnS6IN+P4mj6rE1lBDC4U8HL9/57htKAqy4KQ3bBj84cfYyQ==",
        "dependencies": {
          "System.Collections.Immutable": "8.0.0"
        }
      },
      "System.Reflection.MetadataLoadContext": {
        "type": "Transitive",
        "resolved": "8.0.0",
        "contentHash": "SZxrQ4sQYnIcdwiO3G/lHZopbPYQ2lW0ioT4JezgccWUrKaKbHLJbAGZaDfkYjWcta1pWssAo3MOXLsR0ie4tQ==",
        "dependencies": {
          "System.Collections.Immutable": "8.0.0",
          "System.Reflection.Metadata": "8.0.0"
        }
      },
      "System.Security.Cryptography.Pkcs": {
        "type": "Transitive",
        "resolved": "8.0.1",
        "contentHash": "CoCRHFym33aUSf/NtWSVSZa99dkd0Hm7OCZUxORBjRB16LNhIEOf8THPqzIYlvKM0nNDAPTRBa1FxEECrgaxxA=="
      },
      "System.Security.Cryptography.ProtectedData": {
        "type": "Transitive",
        "resolved": "8.0.0",
        "contentHash": "+TUFINV2q2ifyXauQXRwy4CiBhqvDEDZeVJU7qfxya4aRYOKzVBpN+4acx25VcPB9ywUN6C0n8drWl110PhZEg=="
      }
    }
  }
}